
Microsoft Visual Studio Solution File, Format Version 12.00
# Visual Studio Version 17
VisualStudioVersion = 17.7.34031.279
MinimumVisualStudioVersion = 10.0.40219.1
Project("{FAE04EC0-301F-11D3-BF4B-00C04F79EFBC}") = "if number contains 3", "if number contains 3.csproj", "{70C315B5-4C2F-4B7C-A97F-9FF789DA3326}"
EndProject
Global
	GlobalSection(SolutionConfigurationPlatforms) = preSolution
		Debug|Any CPU = Debug|Any CPU
		Release|Any CPU = Release|Any CPU
	EndGlobalSection
	GlobalSection(ProjectConfigurationPlatforms) = postSolution
		{70C315B5-4C2F-4B7C-A97F-9FF789DA3326}.Debug|Any CPU.ActiveCfg = Debug|Any CPU
		{70C315B5-4C2F-4B7C-A97F-9FF789DA3326}.Debug|Any CPU.Build.0 = Debug|Any CPU
		{70C315B5-4C2F-4B7C-A97F-9FF789DA3326}.Release|Any CPU.ActiveCfg = Release|Any CPU
		{70C315B5-4C2F-4B7C-A97F-9FF789DA3326}.Release|Any CPU.Build.0 = Release|Any CPU
	EndGlobalSection
	GlobalSection(SolutionProperties) = preSolution
		HideSolutionNode = FALSE
	EndGlobalSection
	GlobalSection(ExtensibilityGlobals) = postSolution
		SolutionGuid = {EF2F1FB1-AE6F-4D8E-A877-720A7077FB0F}
	EndGlobalSection
EndGlobal
